PackratFormat: 1.4
PackratVersion: 0.4.1.3
RVersion: 3.1.1
Repos: CRAN=http://cran.rstudio.com,
    CRANextra=http://www.stats.ox.ac.uk/pub/RWin

Package: packrat
Source: github
Version: 0.4.1.3
GithubRepo: packrat
GithubUsername: rstudio
GithubRef: master
GithubSha1: ba203ed40d26e6d426d2ec453d36f131da3b3605
Hash: ba203ed40d26e6d426d2ec453d36f131da3b3605
